{
  "name": "eb",
  "version": "1.0.0",
  "lockfileVersion": 3,
  "requires": true,
  "packages": {
    "": {
      "name": "eb",
      "version": "1.0.0",
      "license": "ISC",
      "dependencies": {
        "@easybits.cloud/sdk": "^0.34.5"
      }
    },
    "node_modules/@easybits.cloud/sdk": {
      "version": "0.34.5",
      "resolved": "https://registry.npmjs.org/@easybits.cloud/sdk/-/sdk-0.34.5.tgz",
      "integrity": "sha512-duX3aPMt5k5hb85gqSuhNJl22FijUexmomiXpnLcR/HFN9agsG0A6ub/4F7NYS5Hq8TmjayJQsv2kScGoX01jw==",
      "license": "MIT"
    }
  }
}
